lockfileVersion: '9.0'

settings:
  autoInstallPeers: true
  excludeLinksFromLockfile: false

importers:

  .:
    dependencies:
      stripe:
        specifier: 22.6.0
        version: 22.6.0

packages:

  stripe@22.6.0:
    resolution: {integrity: sha512-Ezk+WYEEwX2DLxFrKfb6coznlCMZvCaCYMNPXNHFSZkBIEzF5Hgm7RLb38q/0h9Ol5jsUJGJRorvhzAvckgfhw==}
    engines: {node: '>=18'}
    peerDependencies:
      '@types/node': '>=18'
    peerDependenciesMeta:
      '@types/node':
        optional: true

snapshots:

  stripe@22.6.0: {}
